
Microsoft Visual Studio Solution File, Format Version 12.00
# Visual Studio Version 17
VisualStudioVersion = 17.9.34723.18
MinimumVisualStudioVersion = 10.0.40219.1
Project("{FAE04EC0-301F-11D3-BF4B-00C04F79EFBC}") = "AppTournoi", "AppTournoi\AppTournoi.csproj", "{65737A32-FAC3-4A34-B4AF-0AD4DBD13A15}"
EndProject
Project("{FAE04EC0-301F-11D3-BF4B-00C04F79EFBC}") = "DllTournoi", "DllTournoi\DllTournoi.csproj", "{50D18D27-4262-4239-9209-DA2B5AA64AC4}"
EndProject
Global
	GlobalSection(SolutionConfigurationPlatforms) = preSolution
		Debug|Any CPU = Debug|Any CPU
		Release|Any CPU = Release|Any CPU
	EndGlobalSection
	GlobalSection(ProjectConfigurationPlatforms) = postSolution
		{65737A32-FAC3-4A34-B4AF-0AD4DBD13A15}.Debug|Any CPU.ActiveCfg = Debug|Any CPU
		{65737A32-FAC3-4A34-B4AF-0AD4DBD13A15}.Debug|Any CPU.Build.0 = Debug|Any CPU
		{65737A32-FAC3-4A34-B4AF-0AD4DBD13A15}.Release|Any CPU.ActiveCfg = Release|Any CPU
		{65737A32-FAC3-4A34-B4AF-0AD4DBD13A15}.Release|Any CPU.Build.0 = Release|Any CPU
		{50D18D27-4262-4239-9209-DA2B5AA64AC4}.Debug|Any CPU.ActiveCfg = Debug|Any CPU
		{50D18D27-4262-4239-9209-DA2B5AA64AC4}.Debug|Any CPU.Build.0 = Debug|Any CPU
		{50D18D27-4262-4239-9209-DA2B5AA64AC4}.Release|Any CPU.ActiveCfg = Release|Any CPU
		{50D18D27-4262-4239-9209-DA2B5AA64AC4}.Release|Any CPU.Build.0 = Release|Any CPU
	EndGlobalSection
	GlobalSection(SolutionProperties) = preSolution
		HideSolutionNode = FALSE
	EndGlobalSection
	GlobalSection(ExtensibilityGlobals) = postSolution
		SolutionGuid = {BE1A1852-612D-4319-892B-A7109600054A}
	EndGlobalSection
EndGlobal
